
Microsoft Visual Studio Solution File, Format Version 12.00
# Visual Studio Version 17
VisualStudioVersion = 17.3.32804.467
MinimumVisualStudioVersion = 10.0.40219.1
Project("{9A19103F-16F7-4668-BE54-9A1E7A4F7556}") = "Filmc.Wpf", "Filmc.Wpf\Filmc.Wpf.csproj", "{A18996C6-3FEC-48BB-80F1-BD89EBFA49AF}"
EndProject
Project("{9A19103F-16F7-4668-BE54-9A1E7A4F7556}") = "Filmc.Wpf.Updater.Module", "Filmc.Wpf.Updater.Module\Filmc.Wpf.Updater.Module.csproj", "{FD3B5E7D-D109-4A38-BE7A-305E1CE36783}"
EndProject
Project("{9A19103F-16F7-4668-BE54-9A1E7A4F7556}") = "Filmc.Wpf.Updater", "Filmc.Wpf.Updater\Filmc.Wpf.Updater.csproj", "{E634C370-2B24-4FD4-A68C-2BA65B23C95B}"
EndProject
Project("{9A19103F-16F7-4668-BE54-9A1E7A4F7556}") = "Filmc.Entities", "Filmc.Entities\Filmc.Entities.csproj", "{9879C3A4-BC87-4486-809B-DF4C6B4D5AA5}"
EndProject
Project("{9A19103F-16F7-4668-BE54-9A1E7A4F7556}") = "Filmc.SitesIntegration", "Filmc.SitesIntegration\Filmc.SitesIntegration.csproj", "{8C11364A-5EFF-4777-857F-A089C61D1585}"
EndProject
Project("{FAE04EC0-301F-11D3-BF4B-00C04F79EFBC}") = "Filmc.Recomendations", "Filmc.Recomendations\Filmc.Recomendations.csproj", "{4A17E492-DBE7-4625-A62A-7EBA9422B725}"
EndProject
Global
	GlobalSection(SolutionConfigurationPlatforms) = preSolution
		Debug|Any CPU = Debug|Any CPU
		Release|Any CPU = Release|Any CPU
	EndGlobalSection
	GlobalSection(ProjectConfigurationPlatforms) = postSolution
		{A18996C6-3FEC-48BB-80F1-BD89EBFA49AF}.Debug|Any CPU.ActiveCfg = Debug|Any CPU
		{A18996C6-3FEC-48BB-80F1-BD89EBFA49AF}.Debug|Any CPU.Build.0 = Debug|Any CPU
		{A18996C6-3FEC-48BB-80F1-BD89EBFA49AF}.Release|Any CPU.ActiveCfg = Release|Any CPU
		{A18996C6-3FEC-48BB-80F1-BD89EBFA49AF}.Release|Any CPU.Build.0 = Release|Any CPU
		{FD3B5E7D-D109-4A38-BE7A-305E1CE36783}.Debug|Any CPU.ActiveCfg = Debug|Any CPU
		{FD3B5E7D-D109-4A38-BE7A-305E1CE36783}.Debug|Any CPU.Build.0 = Debug|Any CPU
		{FD3B5E7D-D109-4A38-BE7A-305E1CE36783}.Release|Any CPU.ActiveCfg = Release|Any CPU
		{FD3B5E7D-D109-4A38-BE7A-305E1CE36783}.Release|Any CPU.Build.0 = Release|Any CPU
		{E634C370-2B24-4FD4-A68C-2BA65B23C95B}.Debug|Any CPU.ActiveCfg = Debug|Any CPU
		{E634C370-2B24-4FD4-A68C-2BA65B23C95B}.Debug|Any CPU.Build.0 = Debug|Any CPU
		{E634C370-2B24-4FD4-A68C-2BA65B23C95B}.Release|Any CPU.ActiveCfg = Release|Any CPU
		{E634C370-2B24-4FD4-A68C-2BA65B23C95B}.Release|Any CPU.Build.0 = Release|Any CPU
		{9879C3A4-BC87-4486-809B-DF4C6B4D5AA5}.Debug|Any CPU.ActiveCfg = Debug|Any CPU
		{9879C3A4-BC87-4486-809B-DF4C6B4D5AA5}.Debug|Any CPU.Build.0 = Debug|Any CPU
		{9879C3A4-BC87-4486-809B-DF4C6B4D5AA5}.Release|Any CPU.ActiveCfg = Release|Any CPU
		{9879C3A4-BC87-4486-809B-DF4C6B4D5AA5}.Release|Any CPU.Build.0 = Release|Any CPU
		{8C11364A-5EFF-4777-857F-A089C61D1585}.Debug|Any CPU.ActiveCfg = Debug|Any CPU
		{8C11364A-5EFF-4777-857F-A089C61D1585}.Debug|Any CPU.Build.0 = Debug|Any CPU
		{8C11364A-5EFF-4777-857F-A089C61D1585}.Release|Any CPU.ActiveCfg = Release|Any CPU
		{8C11364A-5EFF-4777-857F-A089C61D1585}.Release|Any CPU.Build.0 = Release|Any CPU
		{4A17E492-DBE7-4625-A62A-7EBA9422B725}.Debug|Any CPU.ActiveCfg = Debug|Any CPU
		{4A17E492-DBE7-4625-A62A-7EBA9422B725}.Debug|Any CPU.Build.0 = Debug|Any CPU
		{4A17E492-DBE7-4625-A62A-7EBA9422B725}.Release|Any CPU.ActiveCfg = Release|Any CPU
		{4A17E492-DBE7-4625-A62A-7EBA9422B725}.Release|Any CPU.Build.0 = Release|Any CPU
	EndGlobalSection
	GlobalSection(SolutionProperties) = preSolution
		HideSolutionNode = FALSE
	EndGlobalSection
	GlobalSection(ExtensibilityGlobals) = postSolution
		SolutionGuid = {657E9673-58FA-4DB8-8159-814ABE6BA260}
	EndGlobalSection
EndGlobal
